
Microsoft Visual Studio Solution File, Format Version 12.00
# Visual Studio 15
VisualStudioVersion = 15.0.26730.3
MinimumVisualStudioVersion = 10.0.40219.1
Project("{FAE04EC0-301F-11D3-BF4B-00C04F79EFBC}") = "EM.WebApi", "EM.WebApi\EM.WebApi.csproj", "{00F6CBB5-4B50-4F0A-BF55-B2196EE502BB}"
EndProject
Project("{FAE04EC0-301F-11D3-BF4B-00C04F79EFBC}") = "EM.WebSite", "EM.WebSite\EM.WebSite.csproj", "{42260160-5447-4F1A-AF7C-E09152CBD5B1}"
EndProject
Project("{2150E333-8FDC-42A3-9474-1A3956D46DE8}") = "Core", "Core", "{EAE785D2-32A8-47B3-BD33-AD18467AC8D1}"
EndProject
Project("{FAE04EC0-301F-11D3-BF4B-00C04F79EFBC}") = "EM.Core", "EM.Core\EM.Core.csproj", "{61079686-C295-49E2-B5B2-E0A5A1228922}"
EndProject
Project("{FAE04EC0-301F-11D3-BF4B-00C04F79EFBC}") = "EM.Data", "EM.Data\EM.Data.csproj", "{306CE791-1495-4547-A621-CCF38EC2ACD6}"
EndProject
Project("{FAE04EC0-301F-11D3-BF4B-00C04F79EFBC}") = "EM.Service", "EM.Service\EM.Service.csproj", "{8DE4B7DE-ECE2-4F8B-A3CD-A49A327DFB07}"
EndProject
Global
	GlobalSection(SolutionConfigurationPlatforms) = preSolution
		Debug|Any CPU = Debug|Any CPU
		Release|Any CPU = Release|Any CPU
	EndGlobalSection
	GlobalSection(ProjectConfigurationPlatforms) = postSolution
		{00F6CBB5-4B50-4F0A-BF55-B2196EE502BB}.Debug|Any CPU.ActiveCfg = Debug|Any CPU
		{00F6CBB5-4B50-4F0A-BF55-B2196EE502BB}.Debug|Any CPU.Build.0 = Debug|Any CPU
		{00F6CBB5-4B50-4F0A-BF55-B2196EE502BB}.Release|Any CPU.ActiveCfg = Release|Any CPU
		{00F6CBB5-4B50-4F0A-BF55-B2196EE502BB}.Release|Any CPU.Build.0 = Release|Any CPU
		{42260160-5447-4F1A-AF7C-E09152CBD5B1}.Debug|Any CPU.ActiveCfg = Debug|Any CPU
		{42260160-5447-4F1A-AF7C-E09152CBD5B1}.Debug|Any CPU.Build.0 = Debug|Any CPU
		{42260160-5447-4F1A-AF7C-E09152CBD5B1}.Release|Any CPU.ActiveCfg = Release|Any CPU
		{42260160-5447-4F1A-AF7C-E09152CBD5B1}.Release|Any CPU.Build.0 = Release|Any CPU
		{61079686-C295-49E2-B5B2-E0A5A1228922}.Debug|Any CPU.ActiveCfg = Debug|Any CPU
		{61079686-C295-49E2-B5B2-E0A5A1228922}.Debug|Any CPU.Build.0 = Debug|Any CPU
		{61079686-C295-49E2-B5B2-E0A5A1228922}.Release|Any CPU.ActiveCfg = Release|Any CPU
		{61079686-C295-49E2-B5B2-E0A5A1228922}.Release|Any CPU.Build.0 = Release|Any CPU
		{306CE791-1495-4547-A621-CCF38EC2ACD6}.Debug|Any CPU.ActiveCfg = Debug|Any CPU
		{306CE791-1495-4547-A621-CCF38EC2ACD6}.Debug|Any CPU.Build.0 = Debug|Any CPU
		{306CE791-1495-4547-A621-CCF38EC2ACD6}.Release|Any CPU.ActiveCfg = Release|Any CPU
		{306CE791-1495-4547-A621-CCF38EC2ACD6}.Release|Any CPU.Build.0 = Release|Any CPU
		{8DE4B7DE-ECE2-4F8B-A3CD-A49A327DFB07}.Debug|Any CPU.ActiveCfg = Debug|Any CPU
		{8DE4B7DE-ECE2-4F8B-A3CD-A49A327DFB07}.Debug|Any CPU.Build.0 = Debug|Any CPU
		{8DE4B7DE-ECE2-4F8B-A3CD-A49A327DFB07}.Release|Any CPU.ActiveCfg = Release|Any CPU
		{8DE4B7DE-ECE2-4F8B-A3CD-A49A327DFB07}.Release|Any CPU.Build.0 = Release|Any CPU
	EndGlobalSection
	GlobalSection(SolutionProperties) = preSolution
		HideSolutionNode = FALSE
	EndGlobalSection
	GlobalSection(NestedProjects) = preSolution
		{61079686-C295-49E2-B5B2-E0A5A1228922} = {EAE785D2-32A8-47B3-BD33-AD18467AC8D1}
		{306CE791-1495-4547-A621-CCF38EC2ACD6} = {EAE785D2-32A8-47B3-BD33-AD18467AC8D1}
		{8DE4B7DE-ECE2-4F8B-A3CD-A49A327DFB07} = {EAE785D2-32A8-47B3-BD33-AD18467AC8D1}
	EndGlobalSection
	GlobalSection(ExtensibilityGlobals) = postSolution
		SolutionGuid = {C53F5CCD-8626-40AB-8D99-1A960F63AC30}
	EndGlobalSection
EndGlobal
